
Microsoft Visual Studio Solution File, Format Version 12.00
# Visual Studio Version 17
VisualStudioVersion = 17.11.35219.272
MinimumVisualStudioVersion = 10.0.40219.1
Project("{FAE04EC0-301F-11D3-BF4B-00C04F79EFBC}") = "Quiz-Api", "Quiz-Api.csproj", "{C176FFBA-9295-4CEB-A594-44A496B25325}"
EndProject
Global
	GlobalSection(SolutionConfigurationPlatforms) = preSolution
		Debug|Any CPU = Debug|Any CPU
		Release|Any CPU = Release|Any CPU
	EndGlobalSection
	GlobalSection(ProjectConfigurationPlatforms) = postSolution
		{C176FFBA-9295-4CEB-A594-44A496B25325}.Debug|Any CPU.ActiveCfg = Debug|Any CPU
		{C176FFBA-9295-4CEB-A594-44A496B25325}.Debug|Any CPU.Build.0 = Debug|Any CPU
		{C176FFBA-9295-4CEB-A594-44A496B25325}.Release|Any CPU.ActiveCfg = Release|Any CPU
		{C176FFBA-9295-4CEB-A594-44A496B25325}.Release|Any CPU.Build.0 = Release|Any CPU
	EndGlobalSection
	GlobalSection(SolutionProperties) = preSolution
		HideSolutionNode = FALSE
	EndGlobalSection
	GlobalSection(ExtensibilityGlobals) = postSolution
		SolutionGuid = {9012D502-F961-450A-B11A-01C8146E6539}
	EndGlobalSection
EndGlobal
